
Microsoft Visual Studio Solution File, Format Version 12.00
# Visual Studio Version 16
VisualStudioVersion = 16.0.28803.156
MinimumVisualStudioVersion = 10.0.40219.1
Project("{FAE04EC0-301F-11D3-BF4B-00C04F79EFBC}") = "OKUD2XML", "OKUD2XML\OKUD2XML.csproj", "{F94132C6-3DDF-4300-A057-BAFB25E93C61}"
EndProject
Global
	GlobalSection(SolutionConfigurationPlatforms) = preSolution
		Debug|Any CPU = Debug|Any CPU
		Release|Any CPU = Release|Any CPU
	EndGlobalSection
	GlobalSection(ProjectConfigurationPlatforms) = postSolution
		{F94132C6-3DDF-4300-A057-BAFB25E93C61}.Debug|Any CPU.ActiveCfg = Debug|Any CPU
		{F94132C6-3DDF-4300-A057-BAFB25E93C61}.Debug|Any CPU.Build.0 = Debug|Any CPU
		{F94132C6-3DDF-4300-A057-BAFB25E93C61}.Release|Any CPU.ActiveCfg = Release|Any CPU
		{F94132C6-3DDF-4300-A057-BAFB25E93C61}.Release|Any CPU.Build.0 = Release|Any CPU
	EndGlobalSection
	GlobalSection(SolutionProperties) = preSolution
		HideSolutionNode = FALSE
	EndGlobalSection
	GlobalSection(ExtensibilityGlobals) = postSolution
		SolutionGuid = {6838E2EB-AC8F-42A8-84CC-1FF7A03DB1B2}
	EndGlobalSection
EndGlobal
